
Microsoft Visual Studio Solution File, Format Version 12.00
# Visual Studio Version 17
VisualStudioVersion = 17.4.33213.308
MinimumVisualStudioVersion = 10.0.40219.1
Project("{FAE04EC0-301F-11D3-BF4B-00C04F79EFBC}") = "CW2B_RP_Audi_Team_4", "CW2B_RP_Audi_Team_4\CW2B_RP_Audi_Team_4.csproj", "{2935AFC5-BBE5-4E5A-AA77-818D03DE0BFF}"
EndProject
Global
	GlobalSection(SolutionConfigurationPlatforms) = preSolution
		Debug|Any CPU = Debug|Any CPU
		Release|Any CPU = Release|Any CPU
	EndGlobalSection
	GlobalSection(ProjectConfigurationPlatforms) = postSolution
		{2935AFC5-BBE5-4E5A-AA77-818D03DE0BFF}.Debug|Any CPU.ActiveCfg = Debug|Any CPU
		{2935AFC5-BBE5-4E5A-AA77-818D03DE0BFF}.Debug|Any CPU.Build.0 = Debug|Any CPU
		{2935AFC5-BBE5-4E5A-AA77-818D03DE0BFF}.Release|Any CPU.ActiveCfg = Release|Any CPU
		{2935AFC5-BBE5-4E5A-AA77-818D03DE0BFF}.Release|Any CPU.Build.0 = Release|Any CPU
	EndGlobalSection
	GlobalSection(SolutionProperties) = preSolution
		HideSolutionNode = FALSE
	EndGlobalSection
	GlobalSection(ExtensibilityGlobals) = postSolution
		SolutionGuid = {EF675C77-02D0-465F-90C0-66EDB16D4205}
	EndGlobalSection
EndGlobal
